{
  "nodes": {
    "deploy-rs": {
      "inputs": {
        "flake-compat": "flake-compat",
        "nixpkgs": [
          "nixpkgs"
        ],
        "utils": "utils"
      },
      "locked": {
        "lastModified": 1727447169,
        "narHash": "sha256-3KyjMPUKHkiWhwR91J1YchF6zb6gvckCAY1jOE+ne0U=",
        "owner": "serokell",
        "repo": "deploy-rs",
        "rev": "aa07eb05537d4cd025e2310397a6adcedfe72c76",
        "type": "github"
      },
      "original": {
        "owner": "serokell",
        "repo": "deploy-rs",
        "type": "github"
      }
    },
    "dotfiles": {
      "locked": {
        "lastModified": 1744376032,
        "narHash": "sha256-TQ1IaO9rGrJA+nsIsOUT3GD5GhsPoctWleJ4b0dc+zY=",
        "owner": "torgeir",
        "repo": "dotfiles",
        "rev": "bf930c114dd5b25213469a7a2314cd9e522e07d6",
        "type": "github"
      },
      "original": {
        "owner": "torgeir",
        "repo": "dotfiles",
        "type": "github"
      }
    },
    "flake-compat": {
      "flake": false,
      "locked": {
        "lastModified": 1696426674,
        "narHash": "sha256-kvjfFW7WAETZlt09AgDn1MrtKzP7t90Vf7vypd3OL1U=",
        "owner": "edolstra",
        "repo": "flake-compat",
        "rev": "0f9255e01c2351cc7d116c072cb317785dd33b33",
        "type": "github"
      },
      "original": {
        "owner": "edolstra",
        "repo": "flake-compat",
        "type": "github"
      }
    },
    "flake-parts": {
      "inputs": {
        "nixpkgs-lib": "nixpkgs-lib"
      },
      "locked": {
        "lastModified": 1736143030,
        "narHash": "sha256-+hu54pAoLDEZT9pjHlqL9DNzWz0NbUn8NEAHP7PQPzU=",
        "owner": "hercules-ci",
        "repo": "flake-parts",
        "rev": "b905f6fc23a9051a6e1b741e1438dbfc0634c6de",
        "type": "github"
      },
      "original": {
        "owner": "hercules-ci",
        "repo": "flake-parts",
        "type": "github"
      }
    },
    "home-manager": {
      "inputs": {
        "nixpkgs": [
          "nixpkgs"
        ]
      },
      "locked": {
        "lastModified": 1746177088,
        "narHash": "sha256-hmHKl4meWr6ryzqQAwRD3+3Ihfb/Y/0CbK+WnE+oa6Q=",
        "owner": "nix-community",
        "repo": "home-manager",
        "rev": "f045bd46b73c3b0ed4e46cdb6036b3d5823d7dee",
        "type": "github"
      },
      "original": {
        "owner": "nix-community",
        "repo": "home-manager",
        "type": "github"
      }
    },
    "musnix": {
      "inputs": {
        "nixpkgs": [
          "nixpkgs"
        ]
      },
      "locked": {
        "lastModified": 1741303672,
        "narHash": "sha256-eRKbKccBu3PK/oJpmUuLo+0v45d0SEjosE8tVsHbpeA=",
        "owner": "musnix",
        "repo": "musnix",
        "rev": "d56a15f30329f304151e4e05fa82264d127da934",
        "type": "github"
      },
      "original": {
        "owner": "musnix",
        "repo": "musnix",
        "type": "github"
      }
    },
    "nix-gaming": {
      "inputs": {
        "flake-parts": "flake-parts",
        "nixpkgs": [
          "nixpkgs"
        ],
        "umu": "umu"
      },
      "locked": {
        "lastModified": 1737730313,
        "narHash": "sha256-geiEl7RACdYAF9XyU00q/53b6XquH9+fPX7h+Aq5hX0=",
        "owner": "torgeir",
        "repo": "nix-gaming",
        "rev": "7235717e35062c7944f7389875a074d13fe9bce5",
        "type": "github"
      },
      "original": {
        "owner": "torgeir",
        "repo": "nix-gaming",
        "type": "github"
      }
    },
    "nix-home-manager": {
      "locked": {
        "lastModified": 1744356317,
        "narHash": "sha256-grSANRn/PNx1JMvyV2vrxlatZcGDkSJm7TwVLsfig5A=",
        "owner": "torgeir",
        "repo": "nix-home-manager",
        "rev": "265663c4cbac8eeb2febb5ef4d32c601d57bba48",
        "type": "github"
      },
      "original": {
        "owner": "torgeir",
        "repo": "nix-home-manager",
        "type": "github"
      }
    },
    "nixpkgs": {
      "locked": {
        "lastModified": 1746141548,
        "narHash": "sha256-IgBWhX7A2oJmZFIrpRuMnw5RAufVnfvOgHWgIdds+hc=",
        "owner": "NixOS",
        "repo": "nixpkgs",
        "rev": "f02fddb8acef29a8b32f10a335d44828d7825b78",
        "type": "github"
      },
      "original": {
        "owner": "NixOS",
        "ref": "nixos-unstable",
        "repo": "nixpkgs",
        "type": "github"
      }
    },
    "nixpkgs-lib": {
      "locked": {
        "lastModified": 1735774519,
        "narHash": "sha256-CewEm1o2eVAnoqb6Ml+Qi9Gg/EfNAxbRx1lANGVyoLI=",
        "type": "tarball",
        "url": "https://github.com/NixOS/nixpkgs/archive/e9b51731911566bbf7e4895475a87fe06961de0b.tar.gz"
      },
      "original": {
        "type": "tarball",
        "url": "https://github.com/NixOS/nixpkgs/archive/e9b51731911566bbf7e4895475a87fe06961de0b.tar.gz"
      }
    },
    "nixpkgs-locked": {
      "locked": {
        "lastModified": 1712791164,
        "narHash": "sha256-3sbWO1mbpWsLepZGbWaMovSO7ndZeFqDSdX0hZ9nVyw=",
        "owner": "NixOS",
        "repo": "nixpkgs",
        "rev": "1042fd8b148a9105f3c0aca3a6177fd1d9360ba5",
        "type": "github"
      },
      "original": {
        "owner": "NixOS",
        "repo": "nixpkgs",
        "rev": "1042fd8b148a9105f3c0aca3a6177fd1d9360ba5",
        "type": "github"
      }
    },
    "nixpkgs-stable": {
      "locked": {
        "lastModified": 1746055187,
        "narHash": "sha256-3dqArYSMP9hM7Qpy5YWhnSjiqniSaT2uc5h2Po7tmg0=",
        "owner": "nixos",
        "repo": "nixpkgs",
        "rev": "3e362ce63e16b9572d8c2297c04f7c19ab6725a5",
        "type": "github"
      },
      "original": {
        "owner": "nixos",
        "ref": "nixos-24.11",
        "repo": "nixpkgs",
        "type": "github"
      }
    },
    "root": {
      "inputs": {
        "deploy-rs": "deploy-rs",
        "dotfiles": "dotfiles",
        "home-manager": "home-manager",
        "musnix": "musnix",
        "nix-gaming": "nix-gaming",
        "nix-home-manager": "nix-home-manager",
        "nixpkgs": "nixpkgs",
        "nixpkgs-locked": "nixpkgs-locked",
        "nixpkgs-stable": "nixpkgs-stable",
        "sops-nix": "sops-nix"
      }
    },
    "sops-nix": {
      "inputs": {
        "nixpkgs": [
          "nixpkgs"
        ]
      },
      "locked": {
        "lastModified": 1745310711,
        "narHash": "sha256-ePyTpKEJTgX0gvgNQWd7tQYQ3glIkbqcW778RpHlqgA=",
        "owner": "Mic92",
        "repo": "sops-nix",
        "rev": "5e3e92b16d6fdf9923425a8d4df7496b2434f39c",
        "type": "github"
      },
      "original": {
        "owner": "Mic92",
        "repo": "sops-nix",
        "type": "github"
      }
    },
    "systems": {
      "locked": {
        "lastModified": 1681028828,
        "narHash": "sha256-Vy1rq5AaRuLzOxct8nz4T6wlgyUR7zLU309k9mBC768=",
        "owner": "nix-systems",
        "repo": "default",
        "rev": "da67096a3b9bf56a91d16901293e51ba5b49a27e",
        "type": "github"
      },
      "original": {
        "owner": "nix-systems",
        "repo": "default",
        "type": "github"
      }
    },
    "umu": {
      "inputs": {
        "nixpkgs": [
          "nix-gaming",
          "nixpkgs"
        ]
      },
      "locked": {
        "dir": "packaging/nix",
        "lastModified": 1746127435,
        "narHash": "sha256-znt3DXtdOKbqrGtDq/VS4PN9cEzCDIb/zgILXLKTFPo=",
        "ref": "refs/heads/main",
        "rev": "80bf9143f1a73a10bc60fc4ca6558a2f4461a335",
        "revCount": 1045,
        "submodules": true,
        "type": "git",
        "url": "https://github.com/Open-Wine-Components/umu-launcher/"
      },
      "original": {
        "dir": "packaging/nix",
        "submodules": true,
        "type": "git",
        "url": "https://github.com/Open-Wine-Components/umu-launcher/"
      }
    },
    "utils": {
      "inputs": {
        "systems": "systems"
      },
      "locked": {
        "lastModified": 1701680307,
        "narHash": "sha256-kAuep2h5ajznlPMD9rnQyffWG8EM/C73lejGofXvdM8=",
        "owner": "numtide",
        "repo": "flake-utils",
        "rev": "4022d587cbbfd70fe950c1e2083a02621806a725",
        "type": "github"
      },
      "original": {
        "owner": "numtide",
        "repo": "flake-utils",
        "type": "github"
      }
    }
  },
  "root": "root",
  "version": 7
}
